# THIS IS AN AUTOGENERATED FILE. DO NOT EDIT THIS FILE DIRECTLY.
# yarn lockfile v1


flow-bin@^0.150.1:
  version "0.150.1"
  resolved "https://registry.yarnpkg.com/flow-bin/-/flow-bin-0.150.1.tgz#a846c2e977c3af035636ce29bf1492c6b7db4ae6"
  integrity sha512-YSAB7pJejm+8gTpucaQKrvD+Dvu1RdsAA+L/Vofn0AH1DS+vE2hBeUN+v2pcs5YJU0gjQUw9qO7j3w6KaaCglQ==

flow-parser@^0.150.1:
  version "0.150.1"
  resolved "https://registry.yarnpkg.com/flow-parser/-/flow-parser-0.150.1.tgz#750dbe738e3b54b7f5f4fc52fd0bc5277a2d587d"
  integrity sha512-BGzmgjz6Ma6LN6rfrnVGDo/2wsAGHbcCASDVpWu8/GAriikDQCiiIND/6HBVBxhy1Uga1Sgmfl8iiIln+t3kCw==

flow-remove-types@^2.150.1:
  version "2.150.1"
  resolved "https://registry.yarnpkg.com/flow-remove-types/-/flow-remove-types-2.150.1.tgz#2a7be762be7381b7d89b66199b47438e4caf782c"
  integrity sha512-bZ3A1068GuWeBWd+J7ZnSNLoJYFEPbajzMEmov4KkJA0rm/3Pz8t2TGEH6cz+jQmDuO08F75jvAkjXs1KnHqqw==
  dependencies:
    flow-parser "^0.150.1"
    pirates "^3.0.2"
    vlq "^0.2.1"

node-modules-regexp@^1.0.0:
  version "1.0.0"
  resolved "https://registry.yarnpkg.com/node-modules-regexp/-/node-modules-regexp-1.0.0.tgz#8d9dbe28964a4ac5712e9131642107c71e90ec40"
  integrity sha1-jZ2+KJZKSsVxLpExZCEHxx6Q7EA=

pirates@^3.0.2:
  version "3.0.2"
  resolved "https://registry.yarnpkg.com/pirates/-/pirates-3.0.2.tgz#7e6f85413fd9161ab4e12b539b06010d85954bb9"
  integrity sha512-c5CgUJq6H2k6MJz72Ak1F5sN9n9wlSlJyEnwvpm9/y3WB4E3pHBDT2c6PEiS1vyJvq2bUxUAIu0EGf8Cx4Ic7Q==
  dependencies:
    node-modules-regexp "^1.0.0"

vlq@^0.2.1:
  version "0.2.3"
  resolved "https://registry.yarnpkg.com/vlq/-/vlq-0.2.3.tgz#8f3e4328cf63b1540c0d67e1b2778386f8975b26"
  integrity sha512-DRibZL6DsNhIgYQ+wNdWDL2SL3bKPlVrRiBqV5yuMm++op8W4kGFtaQfCs4KEJn0wBZcHVHJ3eoywX8983k1ow==
